
Microsoft Visual Studio Solution File, Format Version 12.00
# Visual Studio Version 17
VisualStudioVersion = 17.5.33627.172
MinimumVisualStudioVersion = 10.0.40219.1
Project("{FAE04EC0-301F-11D3-BF4B-00C04F79EFBC}") = "ConsoleApp1", "ConsoleApp1\ConsoleApp1.csproj", "{9B1D3985-A2CD-4C54-AD28-2B115C19570E}"
EndProject
Global
	GlobalSection(SolutionConfigurationPlatforms) = preSolution
		Debug|Any CPU = Debug|Any CPU
		Release|Any CPU = Release|Any CPU
	EndGlobalSection
	GlobalSection(ProjectConfigurationPlatforms) = postSolution
		{9B1D3985-A2CD-4C54-AD28-2B115C19570E}.Debug|Any CPU.ActiveCfg = Debug|Any CPU
		{9B1D3985-A2CD-4C54-AD28-2B115C19570E}.Debug|Any CPU.Build.0 = Debug|Any CPU
		{9B1D3985-A2CD-4C54-AD28-2B115C19570E}.Release|Any CPU.ActiveCfg = Release|Any CPU
		{9B1D3985-A2CD-4C54-AD28-2B115C19570E}.Release|Any CPU.Build.0 = Release|Any CPU
	EndGlobalSection
	GlobalSection(SolutionProperties) = preSolution
		HideSolutionNode = FALSE
	EndGlobalSection
	GlobalSection(ExtensibilityGlobals) = postSolution
		SolutionGuid = {30B264AC-8A2B-4D9F-A2E2-388943135EED}
	EndGlobalSection
EndGlobal
